
Microsoft Visual Studio Solution File, Format Version 12.00
# Visual Studio 14
VisualStudioVersion = 14.0.23107.0
MinimumVisualStudioVersion = 10.0.40219.1
Project("{FAE04EC0-301F-11D3-BF4B-00C04F79EFBC}") = "wpfNihongoDict", "wpfNihongoDict.csproj", "{02269F49-F5DF-44E2-9911-5E97A4439430}"
EndProject
Global
	GlobalSection(SolutionConfigurationPlatforms) = preSolution
		Debug|Any CPU = Debug|Any CPU
		Release|Any CPU = Release|Any CPU
	EndGlobalSection
	GlobalSection(ProjectConfigurationPlatforms) = postSolution
		{02269F49-F5DF-44E2-9911-5E97A4439430}.Debug|Any CPU.ActiveCfg = Debug|Any CPU
		{02269F49-F5DF-44E2-9911-5E97A4439430}.Debug|Any CPU.Build.0 = Debug|Any CPU
		{02269F49-F5DF-44E2-9911-5E97A4439430}.Release|Any CPU.ActiveCfg = Release|Any CPU
		{02269F49-F5DF-44E2-9911-5E97A4439430}.Release|Any CPU.Build.0 = Release|Any CPU
	EndGlobalSection
	GlobalSection(SolutionProperties) = preSolution
		HideSolutionNode = FALSE
	EndGlobalSection
EndGlobal
